
Microsoft Visual Studio Solution File, Format Version 12.00
# Visual Studio Version 17
VisualStudioVersion = 17.4.33122.133
MinimumVisualStudioVersion = 10.0.40219.1
Project("{FAE04EC0-301F-11D3-BF4B-00C04F79EFBC}") = "LinqForEEPlus", "LinqForEEPlus\LinqForEEPlus.csproj", "{C1927B43-3795-45B1-B133-0CB52FFBB352}"
EndProject
Global
	GlobalSection(SolutionConfigurationPlatforms) = preSolution
		Debug|Any CPU = Debug|Any CPU
		Release|Any CPU = Release|Any CPU
	EndGlobalSection
	GlobalSection(ProjectConfigurationPlatforms) = postSolution
		{C1927B43-3795-45B1-B133-0CB52FFBB352}.Debug|Any CPU.ActiveCfg = Debug|Any CPU
		{C1927B43-3795-45B1-B133-0CB52FFBB352}.Debug|Any CPU.Build.0 = Debug|Any CPU
		{C1927B43-3795-45B1-B133-0CB52FFBB352}.Release|Any CPU.ActiveCfg = Release|Any CPU
		{C1927B43-3795-45B1-B133-0CB52FFBB352}.Release|Any CPU.Build.0 = Release|Any CPU
	EndGlobalSection
	GlobalSection(SolutionProperties) = preSolution
		HideSolutionNode = FALSE
	EndGlobalSection
	GlobalSection(ExtensibilityGlobals) = postSolution
		SolutionGuid = {F638D4F1-55CC-4200-9DE9-0563BF8474FD}
	EndGlobalSection
EndGlobal
